// !$*UTF8*$!
{
	archiveVersion = 1;
	classes = {
	};
	objectVersion = 46;
	objects = {

/* Begin PBXBuildFile section */
		188E453F1C4C74D800CDBE06 /* main.m in Sources */ = {isa = PBXBuildFile; fileRef = 188E453E1C4C74D800CDBE06 /* main.m */; };
		188E45421C4C74D800CDBE06 /* AppDelegate.m in Sources */ = {isa = PBXBuildFile; fileRef = 188E45411C4C74D800CDBE06 /* AppDelegate.m */; };
		188E45451C4C74D800CDBE06 /* ViewController.m in Sources */ = {isa = PBXBuildFile; fileRef = 188E45441C4C74D800CDBE06 /* ViewController.m */; };
		188E45481C4C74D800CDBE06 /* Main.storyboard in Resources */ = {isa = PBXBuildFile; fileRef = 188E45461C4C74D800CDBE06 /* Main.storyboard */; };
		188E454A1C4C74D800CDBE06 /* Assets.xcassets in Resources */ = {isa = PBXBuildFile; fileRef = 188E45491C4C74D800CDBE06 /* Assets.xcassets */; };
		188E454D1C4C74D800CDBE06 /* LaunchScreen.storyboard in Resources */ = {isa = PBXBuildFile; fileRef = 188E454B1C4C74D800CDBE06 /* LaunchScreen.storyboard */; };
/* End PBXBuildFile section */

/* Begin PBXFileReference section */
		188E453A1C4C74D800CDBE06 /* GCDDemo.app */ = {isa = PBXFileReference; explicitFileType = wrapper.application; includeInIndex = 0; path = GCDDemo.app; sourceTree = BUILT_PRODUCTS_DIR; };
		188E453E1C4C74D800CDBE06 /* main.m */ = {isa = PBXFileReference; lastKnownFileType = sourcecode.c.objc; path = main.m; sourceTree = "<group>"; };
		188E45401C4C74D800CDBE06 /* AppDelegate.h */ = {isa = PBXFileReference; lastKnownFileType = sourcecode.c.h; path = AppDelegate.h; sourceTree = "<group>"; };
		188E45411C4C74D800CDBE06 /* AppDelegate.m */ = {isa = PBXFileReference; lastKnownFileType = sourcecode.c.objc; path = AppDelegate.m; sourceTree = "<group>"; };
		188E45431C4C74D800CDBE06 /* ViewController.h */ = {isa = PBXFileReference; lastKnownFileType = sourcecode.c.h; path = ViewController.h; sourceTree = "<group>"; };
		188E45441C4C74D800CDBE06 /* ViewController.m */ = {isa = PBXFileReference; lastKnownFileType = sourcecode.c.objc; path = ViewController.m; sourceTree = "<group>"; };
		188E45471C4C74D800CDBE06 /* Base */ = {isa = PBXFileReference; lastKnownFileType = file.storyboard; name = Base; path = Base.lproj/Main.storyboard; sourceTree = "<group>"; };
		188E45491C4C74D800CDBE06 /* Assets.xcassets */ = {isa = PBXFileReference; lastKnownFileType = folder.assetcatalog; path = Assets.xcassets; sourceTree = "<group>"; };
		188E454C1C4C74D800CDBE06 /* Base */ = {isa = PBXFileReference; lastKnownFileType = file.storyboard; name = Base; path = Base.lproj/LaunchScreen.storyboard; sourceTree = "<group>"; };
		188E454E1C4C74D800CDBE06 /* Info.plist */ = {isa = PBXFileReference; lastKnownFileType = text.plist.xml; path = Info.plist; sourceTree = "<group>"; };
/* End PBXFileReference section */

/* Begin PBXFrameworksBuildPhase section */
		188E45371C4C74D800CDBE06 /* Frameworks */ = {
			isa = PBXFrameworksBuildPhase;
			buildActionMask = 2147483647;
			files = (
			);
			runOnlyForDeploymentPostprocessing = 0;
		};
/* End PBXFrameworksBuildPhase section */

/* Begin PBXGroup section */
		188E45311C4C74D800CDBE06 = {
			isa = PBXGroup;
			children = (
				188E453C1C4C74D800CDBE06 /* GCDDemo */,
				188E453B1C4C74D800CDBE06 /* Products */,
			);
			sourceTree = "<group>";
		};
		188E453B1C4C74D800CDBE06 /* Products */ = {
			isa = PBXGroup;
			children = (
				188E453A1C4C74D800CDBE06 /* GCDDemo.app */,
			);
			name = Products;
			sourceTree = "<group>";
		};
		188E453C1C4C74D800CDBE06 /* GCDDemo */ = {
			isa = PBXGroup;
			children = (
				188E45401C4C74D800CDBE06 /* AppDelegate.h */,
				188E45411C4C74D800CDBE06 /* AppDelegate.m */,
				188E45431C4C74D800CDBE06 /* ViewController.h */,
				188E45441C4C74D800CDBE06 /* ViewController.m */,
				188E45461C4C74D800CDBE06 /* Main.storyboard */,
				188E45491C4C74D800CDBE06 /* Assets.xcassets */,
				188E454B1C4C74D800CDBE06 /* LaunchScreen.storyboard */,
				188E454E1C4C74D800CDBE06 /* Info.plist */,
				188E453D1C4C74D800CDBE06 /* Supporting Files */,
			);
			path = GCDDemo;
			sourceTree = "<group>";
		};
		188E453D1C4C74D800CDBE06 /* Supporting Files */ = {
			isa = PBXGroup;
			children = (
				188E453E1C4C74D800CDBE06 /* main.m */,
			);
			name = "Supporting Files";
			sourceTree = "<group>";
		};
/* End PBXGroup section */

/* Begin PBXNativeTarget section */
		188E45391C4C74D800CDBE06 /* GCDDemo */ = {
			isa = PBXNativeTarget;
			buildConfigurationList = 188E45511C4C74D800CDBE06 /* Build configuration list for PBXNativeTarget "GCDDemo" */;
			buildPhases = (
				188E45361C4C74D800CDBE06 /* Sources */,
				188E45371C4C74D800CDBE06 /* Frameworks */,
				188E45381C4C74D800CDBE06 /* Resources */,
			);
			buildRules = (
			);
			dependencies = (
			);
			name = GCDDemo;
			productName = GCDDemo;
			productReference = 188E453A1C4C74D800CDBE06 /* GCDDemo.app */;
			productType = "com.apple.product-type.application";
		};
/* End PBXNativeTarget section */

/* Begin PBXProject section */
		188E45321C4C74D800CDBE06 /* Project object */ = {
			isa = PBXProject;
			attributes = {
				LastUpgradeCheck = 0710;
				ORGANIZATIONNAME = apple;
				TargetAttributes = {
					188E45391C4C74D800CDBE06 = {
						CreatedOnToolsVersion = 7.1.1;
					};
				};
			};
			buildConfigurationList = 188E45351C4C74D800CDBE06 /* Build configuration list for PBXProject "GCDDemo" */;
			compatibilityVersion = "Xcode 3.2";
			developmentRegion = English;
			hasScannedForEncodings = 0;
			knownRegions = (
				en,
				Base,
			);
			mainGroup = 188E45311C4C74D800CDBE06;
			productRefGroup = 188E453B1C4C74D800CDBE06 /* Products */;
			projectDirPath = "";
			projectRoot = "";
			targets = (
				188E45391C4C74D800CDBE06 /* GCDDemo */,
			);
		};
/* End PBXProject section */

/* Begin PBXResourcesBuildPhase section */
		188E45381C4C74D800CDBE06 /* Resources */ = {
			isa = PBXResourcesBuildPhase;
			buildActionMask = 2147483647;
			files = (
				188E454D1C4C74D800CDBE06 /* LaunchScreen.storyboard in Resources */,
				188E454A1C4C74D800CDBE06 /* Assets.xcassets in Resources */,
				188E45481C4C74D800CDBE06 /* Main.storyboard in Resources */,
			);
			runOnlyForDeploymentPostprocessing = 0;
		};
/* End PBXResourcesBuildPhase section */

/* Begin PBXSourcesBuildPhase section */
		188E45361C4C74D800CDBE06 /* Sources */ = {
			isa = PBXSourcesBuildPhase;
			buildActionMask = 2147483647;
			files = (
				188E45451C4C74D800CDBE06 /* ViewController.m in Sources */,
				188E45421C4C74D800CDBE06 /* AppDelegate.m in Sources */,
				188E453F1C4C74D800CDBE06 /* main.m in Sources */,
			);
			runOnlyForDeploymentPostprocessing = 0;
		};
/* End PBXSourcesBuildPhase section */

/* Begin PBXVariantGroup section */
		188E45461C4C74D800CDBE06 /* Main.storyboard */ = {
			isa = PBXVariantGroup;
			children = (
				188E45471C4C74D800CDBE06 /* Base */,
			);
			name = Main.storyboard;
			sourceTree = "<group>";
		};
		188E454B1C4C74D800CDBE06 /* LaunchScreen.storyboard */ = {
			isa = PBXVariantGroup;
			children = (
				188E454C1C4C74D800CDBE06 /* Base */,
			);
			name = LaunchScreen.storyboard;
			sourceTree = "<group>";
		};
/* End PBXVariantGroup section */

/* Begin XCBuildConfiguration section */
		188E454F1C4C74D800CDBE06 /* Debug */ = {
			isa = XCBuildConfiguration;
			buildSettings = {
				ALWAYS_SEARCH_USER_PATHS = NO;
				CLANG_CXX_LANGUAGE_STANDARD = "gnu++0x";
				CLANG_CXX_LIBRARY = "libc++";
				CLANG_ENABLE_MODULES = YES;
				CLANG_ENABLE_OBJC_ARC = YES;
				CLANG_WARN_BOOL_CONVERSION = YES;
				CLANG_WARN_CONSTANT_CONVERSION = YES;
				CLANG_WARN_DIRECT_OBJC_ISA_USAGE = YES_ERROR;
				CLANG_WARN_EMPTY_BODY = YES;
				CLANG_WARN_ENUM_CONVERSION = YES;
				CLANG_WARN_INT_CONVERSION = YES;
				CLANG_WARN_OBJC_ROOT_CLASS = YES_ERROR;
				CLANG_WARN_UNREACHABLE_CODE = YES;
				CLANG_WARN__DUPLICATE_METHOD_MATCH = YES;
				"CODE_SIGN_IDENTITY[sdk=iphoneos*]" = "iPhone Developer";
				COPY_PHASE_STRIP = NO;
				DEBUG_INFORMATION_FORMAT = dwarf;
				ENABLE_STRICT_OBJC_MSGSEND = YES;
				ENABLE_TESTABILITY = YES;
				GCC_C_LANGUAGE_STANDARD = gnu99;
				GCC_DYNAMIC_NO_PIC = NO;
				GCC_NO_COMMON_BLOCKS = YES;
				GCC_OPTIMIZATION_LEVEL = 0;
				GCC_PREPROCESSOR_DEFINITIONS = (
					"DEBUG=1",
					"$(inherited)",
				);
				GCC_WARN_64_TO_32_BIT_CONVERSION = YES;
				GCC_WARN_ABOUT_RETURN_TYPE = YES_ERROR;
				GCC_WARN_UNDECLARED_SELECTOR = YES;
				GCC_WARN_UNINITIALIZED_AUTOS = YES_AGGRESSIVE;
				GCC_WARN_UNUSED_FUNCTION = YES;
				GCC_WARN_UNUSED_VARIABLE = YES;
				IPHONEOS_DEPLOYMENT_TARGET = 9.1;
				MTL_ENABLE_DEBUG_INFO = YES;
				ONLY_ACTIVE_ARCH = YES;
				SDKROOT = iphoneos;
			};
			name = Debug;
		};
		188E45501C4C74D800CDBE06 /* Release */ = {
			isa = XCBuildConfiguration;
			buildSettings = {
				ALWAYS_SEARCH_USER_PATHS = NO;
				CLANG_CXX_LANGUAGE_STANDARD = "gnu++0x";
				CLANG_CXX_LIBRARY = "libc++";
				CLANG_ENABLE_MODULES = YES;
				CLANG_ENABLE_OBJC_ARC = YES;
				CLANG_WARN_BOOL_CONVERSION = YES;
				CLANG_WARN_CONSTANT_CONVERSION = YES;
				CLANG_WARN_DIRECT_OBJC_ISA_USAGE = YES_ERROR;
				CLANG_WARN_EMPTY_BODY = YES;
				CLANG_WARN_ENUM_CONVERSION = YES;
				CLANG_WARN_INT_CONVERSION = YES;
				CLANG_WARN_OBJC_ROOT_CLASS = YES_ERROR;
				CLANG_WARN_UNREACHABLE_CODE = YES;
				CLANG_WARN__DUPLICATE_METHOD_MATCH = YES;
				"CODE_SIGN_IDENTITY[sdk=iphoneos*]" = "iPhone Developer";
				COPY_PHASE_STRIP = NO;
				DEBUG_INFORMATION_FORMAT = "dwarf-with-dsym";
				ENABLE_NS_ASSERTIONS = NO;
				ENABLE_STRICT_OBJC_MSGSEND = YES;
				GCC_C_LANGUAGE_STANDARD = gnu99;
				GCC_NO_COMMON_BLOCKS = YES;
				GCC_WARN_64_TO_32_BIT_CONVERSION = YES;
				GCC_WARN_ABOUT_RETURN_TYPE = YES_ERROR;
				GCC_WARN_UNDECLARED_SELECTOR = YES;
				GCC_WARN_UNINITIALIZED_AUTOS = YES_AGGRESSIVE;
				GCC_WARN_UNUSED_FUNCTION = YES;
				GCC_WARN_UNUSED_VARIABLE = YES;
				IPHONEOS_DEPLOYMENT_TARGET = 9.1;
				MTL_ENABLE_DEBUG_INFO = NO;
				SDKROOT = iphoneos;
				VALIDATE_PRODUCT = YES;
			};
			name = Release;
		};
		188E45521C4C74D800CDBE06 /* Debug */ = {
			isa = XCBuildConfiguration;
			buildSettings = {
				ASSETCATALOG_COMPILER_APPICON_NAME = AppIcon;
				INFOPLIST_FILE = GCDDemo/Info.plist;
				LD_RUNPATH_SEARCH_PATHS = "$(inherited) @executable_path/Frameworks";
				PRODUCT_BUNDLE_IDENTIFIER = xufeng.GCDDemo;
				PRODUCT_NAME = "$(TARGET_NAME)";
			};
			name = Debug;
		};
		188E45531C4C74D800CDBE06 /* Release */ = {
			isa = XCBuildConfiguration;
			buildSettings = {
				ASSETCATALOG_COMPILER_APPICON_NAME = AppIcon;
				INFOPLIST_FILE = GCDDemo/Info.plist;
				LD_RUNPATH_SEARCH_PATHS = "$(inherited) @executable_path/Frameworks";
				PRODUCT_BUNDLE_IDENTIFIER = xufeng.GCDDemo;
				PRODUCT_NAME = "$(TARGET_NAME)";
			};
			name = Release;
		};
/* End XCBuildConfiguration section */

/* Begin XCConfigurationList section */
		188E45351C4C74D800CDBE06 /* Build configuration list for PBXProject "GCDDemo" */ = {
			isa = XCConfigurationList;
			buildConfigurations = (
				188E454F1C4C74D800CDBE06 /* Debug */,
				188E45501C4C74D800CDBE06 /* Release */,
			);
			defaultConfigurationIsVisible = 0;
			defaultConfigurationName = Release;
		};
		188E45511C4C74D800CDBE06 /* Build configuration list for PBXNativeTarget "GCDDemo" */ = {
			isa = XCConfigurationList;
			buildConfigurations = (
				188E45521C4C74D800CDBE06 /* Debug */,
				188E45531C4C74D800CDBE06 /* Release */,
			);
			defaultConfigurationIsVisible = 0;
		};
/* End XCConfigurationList section */
	};
	rootObject = 188E45321C4C74D800CDBE06 /* Project object */;
}
